
Microsoft Visual Studio Solution File, Format Version 12.00
# Visual Studio 14
VisualStudioVersion = 14.0.23107.0
MinimumVisualStudioVersion = 10.0.40219.1
Project("{F184B08F-C81C-45F6-A57F-5ABD9991F28F}") = "AD.ObjetosBase", "AD.ObjetosBase\AD.ObjetosBase.vbproj", "{E2A92C6A-4696-46C3-B22D-F4E270AC3E9B}"
EndProject
Project("{F184B08F-C81C-45F6-A57F-5ABD9991F28F}") = "AD.ObjetosBase.UnitTests", "AD.ObjetosBase.UnitTests\AD.ObjetosBase.UnitTests.vbproj", "{BAAD8712-5FDF-4478-B35B-AB966DB5B780}"
EndProject
Global
	GlobalSection(SolutionConfigurationPlatforms) = preSolution
		Debug|Any CPU = Debug|Any CPU
		Release|Any CPU = Release|Any CPU
	EndGlobalSection
	GlobalSection(ProjectConfigurationPlatforms) = postSolution
		{E2A92C6A-4696-46C3-B22D-F4E270AC3E9B}.Debug|Any CPU.ActiveCfg = Debug|Any CPU
		{E2A92C6A-4696-46C3-B22D-F4E270AC3E9B}.Debug|Any CPU.Build.0 = Debug|Any CPU
		{E2A92C6A-4696-46C3-B22D-F4E270AC3E9B}.Release|Any CPU.ActiveCfg = Release|Any CPU
		{E2A92C6A-4696-46C3-B22D-F4E270AC3E9B}.Release|Any CPU.Build.0 = Release|Any CPU
		{BAAD8712-5FDF-4478-B35B-AB966DB5B780}.Debug|Any CPU.ActiveCfg = Debug|Any CPU
		{BAAD8712-5FDF-4478-B35B-AB966DB5B780}.Debug|Any CPU.Build.0 = Debug|Any CPU
		{BAAD8712-5FDF-4478-B35B-AB966DB5B780}.Release|Any CPU.ActiveCfg = Release|Any CPU
		{BAAD8712-5FDF-4478-B35B-AB966DB5B780}.Release|Any CPU.Build.0 = Release|Any CPU
	EndGlobalSection
	GlobalSection(SolutionProperties) = preSolution
		HideSolutionNode = FALSE
	EndGlobalSection
EndGlobal
